
Microsoft Visual Studio Solution File, Format Version 12.00
# Visual Studio Version 17
VisualStudioVersion = 17.9.34728.123
MinimumVisualStudioVersion = 10.0.40219.1
Project("{8BC9CEB8-8B4A-11D0-8D11-00A0C91BC942}") = "№3", "№3\№3.vcxproj", "{90984B21-0C0F-4FEB-B29E-D04F7D606DA4}"
EndProject
Project("{8BC9CEB8-8B4A-11D0-8D11-00A0C91BC942}") = "№4", "№4\№4.vcxproj", "{06EC5B62-4A51-43CD-9EC1-37A0F3004C58}"
EndProject
Project("{8BC9CEB8-8B4A-11D0-8D11-00A0C91BC942}") = "№1", "№1\№1.vcxproj", "{1310BB39-027F-4B84-9EAC-4EBD2A3D7E29}"
EndProject
Project("{8BC9CEB8-8B4A-11D0-8D11-00A0C91BC942}") = "№2", "№2\№2.vcxproj", "{A08EA82E-6E08-4B8A-AE5B-4A9A2E4ED889}"
EndProject
Project("{8BC9CEB8-8B4A-11D0-8D11-00A0C91BC942}") = "№5", "№5\№5.vcxproj", "{8D670A38-4ECF-4C6D-9C4B-51E9CE66F3BF}"
EndProject
Project("{8BC9CEB8-8B4A-11D0-8D11-00A0C91BC942}") = "№6", "№6\№6.vcxproj", "{78BF4CD2-FBB8-4501-BE25-C2E66A919E09}"
EndProject
Project("{8BC9CEB8-8B4A-11D0-8D11-00A0C91BC942}") = "№9", "№9\№9.vcxproj", "{1023465F-3B71-43F5-9205-7236D6349F23}"
EndProject
Project("{8BC9CEB8-8B4A-11D0-8D11-00A0C91BC942}") = "№7", "№8\№8.vcxproj", "{0C340B03-9A0B-4296-A6D3-E77899BF2B0C}"
EndProject
Global
	GlobalSection(SolutionConfigurationPlatforms) = preSolution
		Debug|x64 = Debug|x64
		Debug|x86 = Debug|x86
		Release|x64 = Release|x64
		Release|x86 = Release|x86
	EndGlobalSection
	GlobalSection(ProjectConfigurationPlatforms) = postSolution
		{90984B21-0C0F-4FEB-B29E-D04F7D606DA4}.Debug|x64.ActiveCfg = Debug|x64
		{90984B21-0C0F-4FEB-B29E-D04F7D606DA4}.Debug|x64.Build.0 = Debug|x64
		{90984B21-0C0F-4FEB-B29E-D04F7D606DA4}.Debug|x86.ActiveCfg = Debug|Win32
		{90984B21-0C0F-4FEB-B29E-D04F7D606DA4}.Debug|x86.Build.0 = Debug|Win32
		{90984B21-0C0F-4FEB-B29E-D04F7D606DA4}.Release|x64.ActiveCfg = Release|x64
		{90984B21-0C0F-4FEB-B29E-D04F7D606DA4}.Release|x64.Build.0 = Release|x64
		{90984B21-0C0F-4FEB-B29E-D04F7D606DA4}.Release|x86.ActiveCfg = Release|Win32
		{90984B21-0C0F-4FEB-B29E-D04F7D606DA4}.Release|x86.Build.0 = Release|Win32
		{06EC5B62-4A51-43CD-9EC1-37A0F3004C58}.Debug|x64.ActiveCfg = Debug|x64
		{06EC5B62-4A51-43CD-9EC1-37A0F3004C58}.Debug|x64.Build.0 = Debug|x64
		{06EC5B62-4A51-43CD-9EC1-37A0F3004C58}.Debug|x86.ActiveCfg = Debug|Win32
		{06EC5B62-4A51-43CD-9EC1-37A0F3004C58}.Debug|x86.Build.0 = Debug|Win32
		{06EC5B62-4A51-43CD-9EC1-37A0F3004C58}.Release|x64.ActiveCfg = Release|x64
		{06EC5B62-4A51-43CD-9EC1-37A0F3004C58}.Release|x64.Build.0 = Release|x64
		{06EC5B62-4A51-43CD-9EC1-37A0F3004C58}.Release|x86.ActiveCfg = Release|Win32
		{06EC5B62-4A51-43CD-9EC1-37A0F3004C58}.Release|x86.Build.0 = Release|Win32
		{1310BB39-027F-4B84-9EAC-4EBD2A3D7E29}.Debug|x64.ActiveCfg = Debug|x64
		{1310BB39-027F-4B84-9EAC-4EBD2A3D7E29}.Debug|x64.Build.0 = Debug|x64
		{1310BB39-027F-4B84-9EAC-4EBD2A3D7E29}.Debug|x86.ActiveCfg = Debug|Win32
		{1310BB39-027F-4B84-9EAC-4EBD2A3D7E29}.Debug|x86.Build.0 = Debug|Win32
		{1310BB39-027F-4B84-9EAC-4EBD2A3D7E29}.Release|x64.ActiveCfg = Release|x64
		{1310BB39-027F-4B84-9EAC-4EBD2A3D7E29}.Release|x64.Build.0 = Release|x64
		{1310BB39-027F-4B84-9EAC-4EBD2A3D7E29}.Release|x86.ActiveCfg = Release|Win32
		{1310BB39-027F-4B84-9EAC-4EBD2A3D7E29}.Release|x86.Build.0 = Release|Win32
		{A08EA82E-6E08-4B8A-AE5B-4A9A2E4ED889}.Debug|x64.ActiveCfg = Debug|x64
		{A08EA82E-6E08-4B8A-AE5B-4A9A2E4ED889}.Debug|x64.Build.0 = Debug|x64
		{A08EA82E-6E08-4B8A-AE5B-4A9A2E4ED889}.Debug|x86.ActiveCfg = Debug|Win32
		{A08EA82E-6E08-4B8A-AE5B-4A9A2E4ED889}.Debug|x86.Build.0 = Debug|Win32
		{A08EA82E-6E08-4B8A-AE5B-4A9A2E4ED889}.Release|x64.ActiveCfg = Release|x64
		{A08EA82E-6E08-4B8A-AE5B-4A9A2E4ED889}.Release|x64.Build.0 = Release|x64
		{A08EA82E-6E08-4B8A-AE5B-4A9A2E4ED889}.Release|x86.ActiveCfg = Release|Win32
		{A08EA82E-6E08-4B8A-AE5B-4A9A2E4ED889}.Release|x86.Build.0 = Release|Win32
		{8D670A38-4ECF-4C6D-9C4B-51E9CE66F3BF}.Debug|x64.ActiveCfg = Debug|x64
		{8D670A38-4ECF-4C6D-9C4B-51E9CE66F3BF}.Debug|x64.Build.0 = Debug|x64
		{8D670A38-4ECF-4C6D-9C4B-51E9CE66F3BF}.Debug|x86.ActiveCfg = Debug|Win32
		{8D670A38-4ECF-4C6D-9C4B-51E9CE66F3BF}.Debug|x86.Build.0 = Debug|Win32
		{8D670A38-4ECF-4C6D-9C4B-51E9CE66F3BF}.Release|x64.ActiveCfg = Release|x64
		{8D670A38-4ECF-4C6D-9C4B-51E9CE66F3BF}.Release|x64.Build.0 = Release|x64
		{8D670A38-4ECF-4C6D-9C4B-51E9CE66F3BF}.Release|x86.ActiveCfg = Release|Win32
		{8D670A38-4ECF-4C6D-9C4B-51E9CE66F3BF}.Release|x86.Build.0 = Release|Win32
		{78BF4CD2-FBB8-4501-BE25-C2E66A919E09}.Debug|x64.ActiveCfg = Debug|x64
		{78BF4CD2-FBB8-4501-BE25-C2E66A919E09}.Debug|x64.Build.0 = Debug|x64
		{78BF4CD2-FBB8-4501-BE25-C2E66A919E09}.Debug|x86.ActiveCfg = Debug|Win32
		{78BF4CD2-FBB8-4501-BE25-C2E66A919E09}.Debug|x86.Build.0 = Debug|Win32
		{78BF4CD2-FBB8-4501-BE25-C2E66A919E09}.Release|x64.ActiveCfg = Release|x64
		{78BF4CD2-FBB8-4501-BE25-C2E66A919E09}.Release|x64.Build.0 = Release|x64
		{78BF4CD2-FBB8-4501-BE25-C2E66A919E09}.Release|x86.ActiveCfg = Release|Win32
		{78BF4CD2-FBB8-4501-BE25-C2E66A919E09}.Release|x86.Build.0 = Release|Win32
		{1023465F-3B71-43F5-9205-7236D6349F23}.Debug|x64.ActiveCfg = Debug|x64
		{1023465F-3B71-43F5-9205-7236D6349F23}.Debug|x64.Build.0 = Debug|x64
		{1023465F-3B71-43F5-9205-7236D6349F23}.Debug|x86.ActiveCfg = Debug|Win32
		{1023465F-3B71-43F5-9205-7236D6349F23}.Debug|x86.Build.0 = Debug|Win32
		{1023465F-3B71-43F5-9205-7236D6349F23}.Release|x64.ActiveCfg = Release|x64
		{1023465F-3B71-43F5-9205-7236D6349F23}.Release|x64.Build.0 = Release|x64
		{1023465F-3B71-43F5-9205-7236D6349F23}.Release|x86.ActiveCfg = Release|Win32
		{1023465F-3B71-43F5-9205-7236D6349F23}.Release|x86.Build.0 = Release|Win32
		{0C340B03-9A0B-4296-A6D3-E77899BF2B0C}.Debug|x64.ActiveCfg = Debug|x64
		{0C340B03-9A0B-4296-A6D3-E77899BF2B0C}.Debug|x64.Build.0 = Debug|x64
		{0C340B03-9A0B-4296-A6D3-E77899BF2B0C}.Debug|x86.ActiveCfg = Debug|Win32
		{0C340B03-9A0B-4296-A6D3-E77899BF2B0C}.Debug|x86.Build.0 = Debug|Win32
		{0C340B03-9A0B-4296-A6D3-E77899BF2B0C}.Release|x64.ActiveCfg = Release|x64
		{0C340B03-9A0B-4296-A6D3-E77899BF2B0C}.Release|x64.Build.0 = Release|x64
		{0C340B03-9A0B-4296-A6D3-E77899BF2B0C}.Release|x86.ActiveCfg = Release|Win32
		{0C340B03-9A0B-4296-A6D3-E77899BF2B0C}.Release|x86.Build.0 = Release|Win32
	EndGlobalSection
	GlobalSection(SolutionProperties) = preSolution
		HideSolutionNode = FALSE
	EndGlobalSection
	GlobalSection(ExtensibilityGlobals) = postSolution
		SolutionGuid = {2CA0138C-4ED0-41E6-958C-2885B7056062}
	EndGlobalSection
EndGlobal
